
Microsoft Visual Studio Solution File, Format Version 12.00
# Visual Studio 15
VisualStudioVersion = 15.0.28010.2036
MinimumVisualStudioVersion = 10.0.40219.1
Project("{8BC9CEB8-8B4A-11D0-8D11-00A0C91BC942}") = "graphics drills", "graphics drills\graphics drills.vcxproj", "{6F5EE6F7-099B-4722-A76B-18F7234904DD}"
EndProject
Global
	GlobalSection(SolutionConfigurationPlatforms) = preSolution
		Debug|x64 = Debug|x64
		Debug|x86 = Debug|x86
		Release|x64 = Release|x64
		Release|x86 = Release|x86
	EndGlobalSection
	GlobalSection(ProjectConfigurationPlatforms) = postSolution
		{6F5EE6F7-099B-4722-A76B-18F7234904DD}.Debug|x64.ActiveCfg = Debug|x64
		{6F5EE6F7-099B-4722-A76B-18F7234904DD}.Debug|x64.Build.0 = Debug|x64
		{6F5EE6F7-099B-4722-A76B-18F7234904DD}.Debug|x86.ActiveCfg = Debug|Win32
		{6F5EE6F7-099B-4722-A76B-18F7234904DD}.Debug|x86.Build.0 = Debug|Win32
		{6F5EE6F7-099B-4722-A76B-18F7234904DD}.Release|x64.ActiveCfg = Release|x64
		{6F5EE6F7-099B-4722-A76B-18F7234904DD}.Release|x64.Build.0 = Release|x64
		{6F5EE6F7-099B-4722-A76B-18F7234904DD}.Release|x86.ActiveCfg = Release|Win32
		{6F5EE6F7-099B-4722-A76B-18F7234904DD}.Release|x86.Build.0 = Release|Win32
	EndGlobalSection
	GlobalSection(SolutionProperties) = preSolution
		HideSolutionNode = FALSE
	EndGlobalSection
	GlobalSection(ExtensibilityGlobals) = postSolution
		SolutionGuid = {38C2D72A-E4DA-4FB1-8739-80975E18FEBA}
	EndGlobalSection
EndGlobal
